
Microsoft Visual Studio Solution File, Format Version 12.00
# Visual Studio Version 17
VisualStudioVersion = 17.7.34024.191
MinimumVisualStudioVersion = 10.0.40219.1
Project("{9A19103F-16F7-4668-BE54-9A1E7A4F7556}") = "TextBasedAdventureGame", "TextBasedAdventureGame\TextBasedAdventureGame.csproj", "{BB299F3C-B059-4AEE-9E4C-55AF76113610}"
EndProject
Project("{FAE04EC0-301F-11D3-BF4B-00C04F79EFBC}") = "ConsoleApp1", "ConsoleApp1\ConsoleApp1.csproj", "{1207ED15-6F2A-4591-9A7E-37A1BA60708E}"
EndProject
Global
	GlobalSection(SolutionConfigurationPlatforms) = preSolution
		Debug|Any CPU = Debug|Any CPU
		Release|Any CPU = Release|Any CPU
	EndGlobalSection
	GlobalSection(ProjectConfigurationPlatforms) = postSolution
		{BB299F3C-B059-4AEE-9E4C-55AF76113610}.Debug|Any CPU.ActiveCfg = Debug|Any CPU
		{BB299F3C-B059-4AEE-9E4C-55AF76113610}.Debug|Any CPU.Build.0 = Debug|Any CPU
		{BB299F3C-B059-4AEE-9E4C-55AF76113610}.Release|Any CPU.ActiveCfg = Release|Any CPU
		{BB299F3C-B059-4AEE-9E4C-55AF76113610}.Release|Any CPU.Build.0 = Release|Any CPU
		{1207ED15-6F2A-4591-9A7E-37A1BA60708E}.Debug|Any CPU.ActiveCfg = Debug|Any CPU
		{1207ED15-6F2A-4591-9A7E-37A1BA60708E}.Debug|Any CPU.Build.0 = Debug|Any CPU
		{1207ED15-6F2A-4591-9A7E-37A1BA60708E}.Release|Any CPU.ActiveCfg = Release|Any CPU
		{1207ED15-6F2A-4591-9A7E-37A1BA60708E}.Release|Any CPU.Build.0 = Release|Any CPU
	EndGlobalSection
	GlobalSection(SolutionProperties) = preSolution
		HideSolutionNode = FALSE
	EndGlobalSection
	GlobalSection(ExtensibilityGlobals) = postSolution
		SolutionGuid = {A16D4DE2-A624-4308-A13C-4BD6E6ADCB85}
	EndGlobalSection
EndGlobal
